
Microsoft Visual Studio Solution File, Format Version 12.00
# Visual Studio Version 16
VisualStudioVersion = 16.0.29215.179
MinimumVisualStudioVersion = 10.0.40219.1
Project("{F184B08F-C81C-45F6-A57F-5ABD9991F28F}") = "iterationSchoolwork", "iterationSchoolwork\iterationSchoolwork.vbproj", "{47D84D35-8C86-48FC-8162-078AFFE4E6F3}"
EndProject
Global
	GlobalSection(SolutionConfigurationPlatforms) = preSolution
		Debug|Any CPU = Debug|Any CPU
		Release|Any CPU = Release|Any CPU
	EndGlobalSection
	GlobalSection(ProjectConfigurationPlatforms) = postSolution
		{47D84D35-8C86-48FC-8162-078AFFE4E6F3}.Debug|Any CPU.ActiveCfg = Debug|Any CPU
		{47D84D35-8C86-48FC-8162-078AFFE4E6F3}.Debug|Any CPU.Build.0 = Debug|Any CPU
		{47D84D35-8C86-48FC-8162-078AFFE4E6F3}.Release|Any CPU.ActiveCfg = Release|Any CPU
		{47D84D35-8C86-48FC-8162-078AFFE4E6F3}.Release|Any CPU.Build.0 = Release|Any CPU
	EndGlobalSection
	GlobalSection(SolutionProperties) = preSolution
		HideSolutionNode = FALSE
	EndGlobalSection
	GlobalSection(ExtensibilityGlobals) = postSolution
		SolutionGuid = {439C40C7-A7A0-4471-AA94-8FD680CB86F0}
	EndGlobalSection
EndGlobal
